
Microsoft Visual Studio Solution File, Format Version 12.00
# Visual Studio 15
VisualStudioVersion = 15.0.26430.14
MinimumVisualStudioVersion = 10.0.40219.1
Project("{FAE04EC0-301F-11D3-BF4B-00C04F79EFBC}") = "RESTClient", "RESTApi\RESTClient.csproj", "{2089B719-788D-41A6-828F-580866026B92}"
EndProject
Project("{FAE04EC0-301F-11D3-BF4B-00C04F79EFBC}") = "SOAPClient", "SOAPApi\SOAPClient.csproj", "{083D88A9-B28C-49C5-8840-AD9894881F7D}"
EndProject
Project("{FAE04EC0-301F-11D3-BF4B-00C04F79EFBC}") = "Interface", "Interface\Interface.csproj", "{2751132F-01FC-4AA4-A523-94C7ED9B2A05}"
EndProject
Project("{FAE04EC0-301F-11D3-BF4B-00C04F79EFBC}") = "DataAccess", "DataAccess\DataAccess.csproj", "{01F1D23C-1BC7-4FE6-BAE7-F13482949D89}"
EndProject
Project("{FAE04EC0-301F-11D3-BF4B-00C04F79EFBC}") = "AppManagement", "UserManagement\AppManagement.csproj", "{5B159869-D8D7-44AD-8DA4-706A703C1ED3}"
EndProject
Global
	GlobalSection(SolutionConfigurationPlatforms) = preSolution
		Debug|Any CPU = Debug|Any CPU
		Release|Any CPU = Release|Any CPU
	EndGlobalSection
	GlobalSection(ProjectConfigurationPlatforms) = postSolution
		{2089B719-788D-41A6-828F-580866026B92}.Debug|Any CPU.ActiveCfg = Debug|Any CPU
		{2089B719-788D-41A6-828F-580866026B92}.Debug|Any CPU.Build.0 = Debug|Any CPU
		{2089B719-788D-41A6-828F-580866026B92}.Release|Any CPU.ActiveCfg = Release|Any CPU
		{2089B719-788D-41A6-828F-580866026B92}.Release|Any CPU.Build.0 = Release|Any CPU
		{083D88A9-B28C-49C5-8840-AD9894881F7D}.Debug|Any CPU.ActiveCfg = Debug|Any CPU
		{083D88A9-B28C-49C5-8840-AD9894881F7D}.Debug|Any CPU.Build.0 = Debug|Any CPU
		{083D88A9-B28C-49C5-8840-AD9894881F7D}.Release|Any CPU.ActiveCfg = Release|Any CPU
		{083D88A9-B28C-49C5-8840-AD9894881F7D}.Release|Any CPU.Build.0 = Release|Any CPU
		{2751132F-01FC-4AA4-A523-94C7ED9B2A05}.Debug|Any CPU.ActiveCfg = Debug|Any CPU
		{2751132F-01FC-4AA4-A523-94C7ED9B2A05}.Debug|Any CPU.Build.0 = Debug|Any CPU
		{2751132F-01FC-4AA4-A523-94C7ED9B2A05}.Release|Any CPU.ActiveCfg = Release|Any CPU
		{2751132F-01FC-4AA4-A523-94C7ED9B2A05}.Release|Any CPU.Build.0 = Release|Any CPU
		{01F1D23C-1BC7-4FE6-BAE7-F13482949D89}.Debug|Any CPU.ActiveCfg = Debug|Any CPU
		{01F1D23C-1BC7-4FE6-BAE7-F13482949D89}.Debug|Any CPU.Build.0 = Debug|Any CPU
		{01F1D23C-1BC7-4FE6-BAE7-F13482949D89}.Release|Any CPU.ActiveCfg = Release|Any CPU
		{01F1D23C-1BC7-4FE6-BAE7-F13482949D89}.Release|Any CPU.Build.0 = Release|Any CPU
		{5B159869-D8D7-44AD-8DA4-706A703C1ED3}.Debug|Any CPU.ActiveCfg = Debug|Any CPU
		{5B159869-D8D7-44AD-8DA4-706A703C1ED3}.Debug|Any CPU.Build.0 = Debug|Any CPU
		{5B159869-D8D7-44AD-8DA4-706A703C1ED3}.Release|Any CPU.ActiveCfg = Release|Any CPU
		{5B159869-D8D7-44AD-8DA4-706A703C1ED3}.Release|Any CPU.Build.0 = Release|Any CPU
	EndGlobalSection
	GlobalSection(SolutionProperties) = preSolution
		HideSolutionNode = FALSE
	EndGlobalSection
EndGlobal
